
Microsoft Visual Studio Solution File, Format Version 12.00
# Visual Studio Version 17
VisualStudioVersion = 17.8.34309.116
MinimumVisualStudioVersion = 10.0.40219.1
Project("{8BC9CEB8-8B4A-11D0-8D11-00A0C91BC942}") = "ConsoleApplication5", "ConsoleApplication5\ConsoleApplication5.vcxproj", "{BA05D23B-C454-4947-AECE-DD9F914BB3EA}"
EndProject
Global
	GlobalSection(SolutionConfigurationPlatforms) = preSolution
		Debug|x64 = Debug|x64
		Debug|x86 = Debug|x86
		Release|x64 = Release|x64
		Release|x86 = Release|x86
	EndGlobalSection
	GlobalSection(ProjectConfigurationPlatforms) = postSolution
		{BA05D23B-C454-4947-AECE-DD9F914BB3EA}.Debug|x64.ActiveCfg = Debug|x64
		{BA05D23B-C454-4947-AECE-DD9F914BB3EA}.Debug|x64.Build.0 = Debug|x64
		{BA05D23B-C454-4947-AECE-DD9F914BB3EA}.Debug|x86.ActiveCfg = Debug|Win32
		{BA05D23B-C454-4947-AECE-DD9F914BB3EA}.Debug|x86.Build.0 = Debug|Win32
		{BA05D23B-C454-4947-AECE-DD9F914BB3EA}.Release|x64.ActiveCfg = Release|x64
		{BA05D23B-C454-4947-AECE-DD9F914BB3EA}.Release|x64.Build.0 = Release|x64
		{BA05D23B-C454-4947-AECE-DD9F914BB3EA}.Release|x86.ActiveCfg = Release|Win32
		{BA05D23B-C454-4947-AECE-DD9F914BB3EA}.Release|x86.Build.0 = Release|Win32
	EndGlobalSection
	GlobalSection(SolutionProperties) = preSolution
		HideSolutionNode = FALSE
	EndGlobalSection
	GlobalSection(ExtensibilityGlobals) = postSolution
		SolutionGuid = {55D22316-C472-49F2-938B-872AB34846FB}
	EndGlobalSection
EndGlobal
